ariga.io/atlas v0.9.0 h1:q0JMtqyA3X1YWtPcn+E/kVPwLDslb+jAC8Ejl/vW6d0=
ariga.io/atlas v0.9.0/go.mod h1:T230JFcENj4ZZzMkZrXFDSkv+2kXkUgpJ5FQQ5hMcKU=
ariga.io/atlas v0.9.1-0.20230119145809-92243f7c55cb h1:mbsFtavDqGdYwdDpP50LGOOZ2hgyGoJcZeOpbgKMyu4=
ariga.io/atlas v0.9.1-0.20230119145809-92243f7c55cb/go.mod h1:T230JFcENj4ZZzMkZrXFDSkv+2kXkUgpJ5FQQ5hMcKU=
entgo.io/ent v0.11.5 h1:V2qhG91C4PMQTa82Q4StoESMQ4dzkMNeStCzszxi0jQ=
entgo.io/ent v0.11.5/go.mod h1:u7eKwNWAo/VlHIKxgwbmsFy3J7cKDxwi3jyF5TW/okY=
entgo.io/ent v0.11.7 h1:V+wKFh0jhAbY/FoU+PPbdMOf2Ma5vh07R/IdF+N/nFg=
entgo.io/ent v0.11.7/go.mod h1:ericBi6Q8l3wBH1wEIDfKxw7rcQEuRPyBfbIzjtxJ18=
github.com/DATA-DOG/go-sqlmock v1.5.0 h1:Shsta01QNfFxHCfpW6YH2STWB0MudeXXEWMr20OEh60=
github.com/KyleBanks/depth v1.2.1 h1:5h8fQADFrWtarTdtDudMmGsC7GPbOAu6RVB3ffsVFHc=
github.com/KyleBanks/depth v1.2.1/go.mod h1:jzSb9d0L43HxTQfT+oSA1EEp2q+ne2uh6XgeJcm8brE=
github.com/agext/levenshtein v1.2.3 h1:YB2fHEn0UJagG8T1rrWknE3ZQzWM06O8AMAatNn7lmo=
github.com/agext/levenshtein v1.2.3/go.mod h1:JEDfjyjHDjOF/1e4FlBE/PkbqA9OfWu2ki2W0IB5558=
github.com/apparentlymart/go-textseg/v13 v13.0.0 h1:Y+KvPE1NYz0xl601PVImeQfFyEy6iT90AvPUL1NNfNw=
github.com/apparentlymart/go-textseg/v13 v13.0.0/go.mod h1:ZK2fH7c4NqDTLtiYLvIkEghdlcqw7yxLeM89kiTRPUo=
github.com/ardanlabs/conf/v2 v2.2.0 h1:ar1+TYIYAh2Tdeg2DQroh7ruR56/vJR8BDfzDIrXgtk=
github.com/ardanlabs/conf/v2 v2.2.0/go.mod h1:m37ZKdW9jwMUEhGX36jRNt8VzSQ/HVmSziLZH2p33nY=
github.com/coreos/go-systemd/v22 v22.3.3-0.20220203105225-a9a7ef127534/go.mod h1:Y58oyj3AT4RCenI/lSvhwexgC+NSVTIJ3seZv2GcEnc=
github.com/creack/pty v1.1.9/go.mod h1:oKZEueFk5CKHvIhNR5MUki03XCEU+Q6VDXinZuGJ33E=
github.com/davecgh/go-spew v1.1.0/go.mod h1:J7Y8YcW2NihsgmVo/mv3lAwl/skON4iLHjSsI+c5H38=
github.com/davecgh/go-spew v1.1.1 h1:vj9j/u1bqnvCEfJOwUhtlOARqs3+rkHYY13jYWTU97c=
github.com/davecgh/go-spew v1.1.1/go.mod h1:J7Y8YcW2NihsgmVo/mv3lAwl/skON4iLHjSsI+c5H38=
github.com/fogleman/gg v1.3.0 h1:/7zJX8F6AaYQc57WQCyN9cAIz+4bCJGO9B+dyW29am8=
github.com/fogleman/gg v1.3.0/go.mod h1:R/bRT+9gY/C5z7JzPU0zXsXHKM4/ayA+zqcVNZzPa1k=
github.com/go-chi/chi/v5 v5.0.8 h1:lD+NLqFcAi1ovnVZpsnObHGW4xb4J8lNmoYVfECH1Y0=
github.com/go-chi/chi/v5 v5.0.8/go.mod h1:DslCQbL2OYiznFReuXYUmQ2hGd1aDpCnlMNITLSKoi8=
github.com/go-openapi/inflect v0.19.0 h1:9jCH9scKIbHeV9m12SmPilScz6krDxKRasNNSNPXu/4=
github.com/go-openapi/inflect v0.19.0/go.mod h1:lHpZVlpIQqLyKwJ4N+YSc9hchQy/i12fJykb83CRBH4=
github.com/go-openapi/jsonpointer v0.19.3/go.mod h1:Pl9vOtqEWErmShwVjC8pYs9cog34VGT37dQOVbmoatg=
github.com/go-openapi/jsonpointer v0.19.5 h1:gZr+CIYByUqjcgeLXnQu2gHYQC9o73G2XUeOFYEICuY=
github.com/go-openapi/jsonpointer v0.19.5/go.mod h1:Pl9vOtqEWErmShwVjC8pYs9cog34VGT37dQOVbmoatg=
github.com/go-openapi/jsonreference v0.20.0 h1:MYlu0sBgChmCfJxxUKZ8g1cPWFOB37YSZqewK7OKeyA=
github.com/go-openapi/jsonreference v0.20.0/go.mod h1:Ag74Ico3lPc+zR+qjn4XBUmXymS4zJbYVCZmcgkasdo=
github.com/go-openapi/spec v0.20.7 h1:1Rlu/ZrOCCob0n+JKKJAWhNWMPW8bOZRg8FJaY+0SKI=
github.com/go-openapi/spec v0.20.7/go.mod h1:2OpW+JddWPrpXSCIX8eOx7lZ5iyuWj3RYR6VaaBKcWA=
github.com/go-openapi/swag v0.19.5/go.mod h1:POnQmlKehdgb5mhVOsnJFsivZCEZ/vjK9gh66Z9tfKk=
github.com/go-openapi/swag v0.19.15/go.mod h1:QYRuS/SOXUCsnplDa677K7+DxSOj6IPNl/eQntq43wQ=
github.com/go-openapi/swag v0.22.3 h1:yMBqmnQ0gyZvEb/+KzuWZOXgllrXT4SADYbvDaXHv/g=
github.com/go-openapi/swag v0.22.3/go.mod h1:UzaqsxGiab7freDnrUUra0MwWfN/q7tE4j+VcZ0yl14=
github.com/go-playground/assert/v2 v2.0.1 h1:MsBgLAaY856+nPRTKrp3/OZK38U/wa0CcBYNjji3q3A=
github.com/go-playground/assert/v2 v2.0.1/go.mod h1:VDjEfimB/XKnb+ZQfWdccd7VUvScMdVu0Titje2rxJ4=
github.com/go-playground/locales v0.14.0 h1:u50s323jtVGugKlcYeyzC0etD1HifMjqmJqb8WugfUU=
github.com/go-playground/locales v0.14.0/go.mod h1:sawfccIbzZTqEDETgFXqTho0QybSa7l++s0DH+LDiLs=
github.com/go-playground/universal-translator v0.18.0 h1:82dyy6p4OuJq4/CByFNOn/jYrnRPArHwAcmLoJZxyho=
github.com/go-playground/universal-translator v0.18.0/go.mod h1:UvRDBj+xPUEGrFYl+lu/H90nyDXpg0fqeB/AQUGNTVA=
github.com/go-playground/validator/v10 v10.11.1 h1:prmOlTVv+YjZjmRmNSF3VmspqJIxJWXmqUsHwfTRRkQ=
github.com/go-playground/validator/v10 v10.11.1/go.mod h1:i+3WkQ1FvaUjjxh1kSvIA4dMGDBiPU55YFDl0WbKdWU=
github.com/go-test/deep v1.0.3 h1:ZrJSEWsXzPOxaZnFteGEfooLba+ju3FYIbOrS+rQd68=
github.com/godbus/dbus/v5 v5.0.4/go.mod h1:xhWf0FNVPg57R7Z0UbKHbJfkEywrmjJnf7w5xrFpKfA=
github.com/golang/freetype v0.0.0-20170609003504-e2365dfdc4a0 h1:DACJavvAHhabrF08vX0COfcOBJRhZ8lUbR+ZWIs0Y5g=
github.com/golang/freetype v0.0.0-20170609003504-e2365dfdc4a0/go.mod h1:E/TSTwGwJL78qG/PmXZO1EjYhfJinVAhrmmHX6Z8B9k=
github.com/google/go-cmp v0.3.1/go.mod h1:8QqcDgzrUqlUb/G2PQTWiueGozuR1884gddMywk6iLU=
github.com/google/go-cmp v0.5.9 h1:O2Tfq5qg4qc4AmwVlvv0oLiVAGB7enBSJ2x2DqQFi38=
github.com/google/go-cmp v0.5.9/go.mod h1:17dUlkBOakJ0+DkrSSNjCkIjxS6bF9zb3elmeNGIjoY=
github.com/google/uuid v1.3.0 h1:t6JiXgmwXMjEs8VusXIJk2BXHsn+wx8BZdTaoZ5fu7I=
github.com/google/uuid v1.3.0/go.mod h1:TIyPZe4MgqvfeYDBFedMoGGpEw/LqOeaOT+nhxU+yHo=
github.com/hashicorp/hcl/v2 v2.15.0 h1:CPDXO6+uORPjKflkWCCwoWc9uRp+zSIPcCQ+BrxV7m8=
github.com/hashicorp/hcl/v2 v2.15.0/go.mod h1:JRmR89jycNkrrqnMmvPDMd56n1rQJ2Q6KocSLCMCXng=
github.com/josharian/intern v1.0.0 h1:vlS4z54oSdjm0bgjRigI+G1HpF+tI+9rE5LLzOg8HmY=
github.com/josharian/intern v1.0.0/go.mod h1:5DoeVV0s6jJacbCEi61lwdGj/aVlrQvzHFFd8Hwg//Y=
github.com/kr/pretty v0.1.0/go.mod h1:dAy3ld7l9f0ibDNOQOHHMYYIIbhfbHSm3C4ZsoJORNo=
github.com/kr/pretty v0.2.1/go.mod h1:ipq/a2n7PKx3OHsz4KJII5eveXtPO4qwEXGdVfWzfnI=
github.com/kr/pretty v0.3.0 h1:WgNl7dwNpEZ6jJ9k1snq4pZsg7DOEN8hP9Xw0Tsjwk0=
github.com/kr/pretty v0.3.0/go.mod h1:640gp4NfQd8pI5XOwp5fnNeVWj67G7CFk/SaSQn7NBk=
github.com/kr/pty v1.1.1/go.mod h1:pFQYn66WHrOpPYNljwOMqo10TkYh1fy3cYio2l3bCsQ=
github.com/kr/text v0.1.0/go.mod h1:4Jbv+DJW3UT/LiOwJeYQe1efqtUx/iVham/4vfdArNI=
github.com/kr/text v0.2.0 h1:5Nx0Ya0ZqY2ygV366QzturHI13Jq95ApcVaJBhpS+AY=
github.com/kr/text v0.2.0/go.mod h1:eLer722TekiGuMkidMxC/pM04lWEeraHUUmBw8l2grE=
github.com/kylelemons/godebug v0.0.0-20170820004349-d65d576e9348 h1:MtvEpTB6LX3vkb4ax0b5D2DHbNAUsen0Gx5wZoq3lV4=
github.com/leodido/go-urn v1.2.1 h1:BqpAaACuzVSgi/VLzGZIobT2z4v53pjosyNd9Yv6n/w=
github.com/leodido/go-urn v1.2.1/go.mod h1:zt4jvISO2HfUBqxjfIshjdMTYS56ZS/qv49ictyFfxY=
github.com/mailru/easyjson v0.0.0-20190614124828-94de47d64c63/go.mod h1:C1wdFJiN94OJF2b5HbByQZoLdCWB1Yqtg26g4irojpc=
github.com/mailru/easyjson v0.0.0-20190626092158-b2ccc519800e/go.mod h1:C1wdFJiN94OJF2b5HbByQZoLdCWB1Yqtg26g4irojpc=
github.com/mailru/easyjson v0.7.6/go.mod h1:xzfreul335JAWq5oZzymOObrkdz5UnU4kGfJJLY9Nlc=
github.com/mailru/easyjson v0.7.7 h1:UGYAvKxe3sBsEDzO8ZeWOSlIQfWFlxbzLZe7hwFURr0=
github.com/mailru/easyjson v0.7.7/go.mod h1:xzfreul335JAWq5oZzymOObrkdz5UnU4kGfJJLY9Nlc=
github.com/mattn/go-colorable v0.1.12/go.mod h1:u5H1YNBxpqRaxsYJYSkiCWKzEfiAb1Gb520KVy5xxl4=
github.com/mattn/go-colorable v0.1.13 h1:fFA4WZxdEF4tXPZVKMLwD8oUnCTTo08duU7wxecdEvA=
github.com/mattn/go-colorable v0.1.13/go.mod h1:7S9/ev0klgBDR4GtXTXX8a3vIGJpMovkB8vQcUbaXHg=
github.com/mattn/go-isatty v0.0.14/go.mod h1:7GGIvUiUoEMVVmxf/4nioHXj79iQHKdU27kJ6hsGG94=
github.com/mattn/go-isatty v0.0.16/go.mod h1:kYGgaQfpe5nmfYZH+SKPsOc2e4SrIfOl2e/yFXSvRLM=
github.com/mattn/go-isatty v0.0.17 h1:BTarxUcIeDqL27Mc+vyvdWYSL28zpIhv3RoTdsLMPng=
github.com/mattn/go-isatty v0.0.17/go.mod h1:kYGgaQfpe5nmfYZH+SKPsOc2e4SrIfOl2e/yFXSvRLM=
github.com/mattn/go-runewidth v0.0.9 h1:Lm995f3rfxdpd6TSmuVCHVb/QhupuXlYr8sCI/QdE+0=
github.com/mattn/go-sqlite3 v1.14.16 h1:yOQRA0RpS5PFz/oikGwBEqvAWhWg5ufRz4ETLjwpU1Y=
github.com/mattn/go-sqlite3 v1.14.16/go.mod h1:2eHXhiwb8IkHr+BDWZGa96P6+rkvnG63S2DGjv9HUNg=
github.com/mitchellh/go-wordwrap v1.0.1 h1:TLuKupo69TCn6TQSyGxwI1EblZZEsQ0vMlAFQflz0v0=
github.com/mitchellh/go-wordwrap v1.0.1/go.mod h1:R62XHJLzvMFRBbcrT7m7WgmE1eOyTSsCt+hzestvNj0=
github.com/niemeyer/pretty v0.0.0-20200227124842-a10e7caefd8e/go.mod h1:zD1mROLANZcx1PVRCS0qkT7pwLkGfwJo4zjcN/Tysno=
github.com/olekukonko/tablewriter v0.0.5 h1:P2Ga83D34wi1o9J6Wh1mRuqd4mF/x/lgBS7N7AbDhec=
github.com/pkg/diff v0.0.0-20210226163009-20ebb0f2a09e/go.mod h1:pJLUxLENpZxwdsKMEsNbx1VGcRFpLqf3715MtcvvzbA=
github.com/pkg/errors v0.9.1 h1:FEBLx1zS214owpjy7qsBeixbURkuhQAwrK5UwLGTwt4=
github.com/pkg/errors v0.9.1/go.mod h1:bwawxfHBFNV+L2hUp1rHADufV3IMtnDRdf1r5NINEl0=
github.com/pmezard/go-difflib v1.0.0 h1:4DBwDE0NGyQoBHbLQYPwSUPoCMWR5BEzIk/f1lZbAQM=
github.com/pmezard/go-difflib v1.0.0/go.mod h1:iKH77koFhYxTK1pcRnkKkqfTogsbg7gZNVY4sRDYZ/4=
github.com/rogpeppe/go-internal v1.6.1/go.mod h1:xXDCJY+GAPziupqXw64V24skbSoqbTEfhy4qGm1nDQc=
github.com/rogpeppe/go-internal v1.8.0 h1:FCbCCtXNOY3UtUuHUYaghJg4y7Fd14rXifAYUAtL9R8=
github.com/rogpeppe/go-internal v1.8.0/go.mod h1:WmiCO8CzOY8rg0OYDC4/i/2WRWAB6poM+XZ2dLUbcbE=
github.com/rs/xid v1.4.0/go.mod h1:trrq9SKmegXys3aeAKXMUTdJsYXVwGY3RLcfgqegfbg=
github.com/rs/zerolog v1.28.0 h1:MirSo27VyNi7RJYP3078AA1+Cyzd2GB66qy3aUHvsWY=
github.com/rs/zerolog v1.28.0/go.mod h1:NILgTygv/Uej1ra5XxGf82ZFSLk58MFGAUS2o6usyD0=
github.com/sergi/go-diff v1.0.0 h1:Kpca3qRNrduNnOQeazBd0ysaKrUJiIuISHxogkT9RPQ=
github.com/spf13/cobra v1.6.1 h1:o94oiPyS4KD1mPy2fmcYYHHfCxLqYjJOhGsCHFZtEzA=
github.com/spf13/pflag v1.0.5 h1:iy+VFUOCP1a+8yFto/drg2CJ5u0yRoB7fZw3DKv/JXA=
github.com/stretchr/objx v0.1.0/go.mod h1:HFkY916IF+rwdDfMAkV7OtwuqBVzrE8GR6GFx+wExME=
github.com/stretchr/objx v0.4.0/go.mod h1:YvHI0jy2hoMjB+UWwv71VJQ9isScKT/TqJzVSSt89Yw=
github.com/stretchr/objx v0.5.0/go.mod h1:Yh+to48EsGEfYuaHDzXPcE3xhTkx73EhmCGUpEOglKo=
github.com/stretchr/testify v1.3.0/go.mod h1:M5WIy9Dh21IEIfnGCwXGc5bZfKNJtfHm1UVUgZn+9EI=
github.com/stretchr/testify v1.6.1/go.mod h1:6Fq8oRcR53rry900zMqJjRRixrwX3KX962/h/Wwjteg=
github.com/stretchr/testify v1.7.0/go.mod h1:6Fq8oRcR53rry900zMqJjRRixrwX3KX962/h/Wwjteg=
github.com/stretchr/testify v1.7.1/go.mod h1:6Fq8oRcR53rry900zMqJjRRixrwX3KX962/h/Wwjteg=
github.com/stretchr/testify v1.8.0/go.mod h1:yNjHg4UonilssWZ8iaSj1OCr/vHnekPRkoO+kdMU+MU=
github.com/stretchr/testify v1.8.1 h1:w7B6lhMri9wdJUVmEZPGGhZzrYTPvgJArz7wNPgYKsk=
github.com/stretchr/testify v1.8.1/go.mod h1:w2LPCIKwWwSfY2zedu0+kehJoqGctiVI29o6fzry7u4=
github.com/swaggo/files v1.0.0 h1:1gGXVIeUFCS/dta17rnP0iOpr6CXFwKD7EO5ID233e4=
github.com/swaggo/files v1.0.0/go.mod h1:N59U6URJLyU1PQgFqPM7wXLMhJx7QAolnvfQkqO13kc=
github.com/swaggo/http-swagger v1.3.3 h1:Hu5Z0L9ssyBLofaama21iYaF2VbWyA8jdohaaCGpHsc=
github.com/swaggo/http-swagger v1.3.3/go.mod h1:sE+4PjD89IxMPm77FnkDz0sdO+p5lbXzrVWT6OTVVGo=
github.com/swaggo/swag v1.8.9 h1:kHtaBe/Ob9AZzAANfcn5c6RyCke9gG9QpH0jky0I/sA=
github.com/swaggo/swag v1.8.9/go.mod h1:ezQVUUhly8dludpVk+/PuwJWvLLanB13ygV5Pr9enSk=
github.com/yeqown/go-qrcode/v2 v2.2.1 h1:Jc1Q916fwC05R8C7mpWDbrT9tyLPaLLKDABoC5XBCe8=
github.com/yeqown/go-qrcode/v2 v2.2.1/go.mod h1:2Qsk2APUCPne0TsRo40DIkI5MYnbzYKCnKGEFWrxd24=
github.com/yeqown/go-qrcode/writer/standard v1.2.1 h1:FMRZiur5yApUIe4fqtqmcdl/XQTZAZWt2DhkPx4VIW0=
github.com/yeqown/go-qrcode/writer/standard v1.2.1/go.mod h1:ZelyDFiVymrauRjUn454iF7bjsabmB1vixkDA5kq2bw=
github.com/yeqown/reedsolomon v1.0.0 h1:x1h/Ej/uJnNu8jaX7GLHBWmZKCAWjEJTetkqaabr4B0=
github.com/yeqown/reedsolomon v1.0.0/go.mod h1:P76zpcn2TCuL0ul1Fso373qHRc69LKwAw/Iy6g1WiiM=
github.com/yuin/goldmark v1.4.13/go.mod h1:6yULJ656Px+3vBD8DxQVa3kxgyrAnzto9xy5taEt/CY=
github.com/zclconf/go-cty v1.12.1 h1:PcupnljUm9EIvbgSHQnHhUr3fO6oFmkOrvs2BAFNXXY=
github.com/zclconf/go-cty v1.12.1/go.mod h1:s9IfD1LK5ccNMSWCVFCE2rJfHiZgi7JijgeWIMfhLvA=
golang.org/x/crypto v0.0.0-20190308221718-c2843e01d9a2/go.mod h1:djNgcEr1/C05ACkg1iLfiJU5Ep61QUkGW8qpdssI0+w=
golang.org/x/crypto v0.0.0-20210921155107-089bfa567519/go.mod h1:GvvjBRRGRdwPK5ydBHafDWAxML/pGHZbMvKqRZ5+Abc=
golang.org/x/crypto v0.0.0-20211215153901-e495a2d5b3d3/go.mod h1:IxCIyHEi3zRg3s0A5j5BB6A9Jmi73HwBIUl50j+osU4=
golang.org/x/crypto v0.5.0 h1:U/0M97KRkSFvyD/3FSmdP5W5swImpNgle/EHFhOsQPE=
golang.org/x/crypto v0.5.0/go.mod h1:NK/OQwhpMQP3MwtdjgLlYHnH9ebylxKWv3e0fK+mkQU=
golang.org/x/image v0.0.0-20200927104501-e162460cd6b5 h1:QelT11PB4FXiDEXucrfNckHoFxwt8USGY1ajP1ZF5lM=
golang.org/x/image v0.0.0-20200927104501-e162460cd6b5/go.mod h1:FeLwcggjj3mMvU+oOTbSwawSJRM1uh48EjtB4UJZlP0=
golang.org/x/mod v0.6.0-dev.0.20220419223038-86c51ed26bb4/go.mod h1:jJ57K6gSWd91VN4djpZkiMVwK6gcyfeH4XE8wZrZaV4=
golang.org/x/mod v0.7.0 h1:LapD9S96VoQRhi/GrNTqeBJFrUjs5UHCAtTlgwA5oZA=
golang.org/x/mod v0.7.0/go.mod h1:iBbtSCu2XBx23ZKBPSOrRkjjQPZFPuis4dIYUhu/chs=
golang.org/x/net v0.0.0-20190620200207-3b0461eec859/go.mod h1:z5CRVTTTmAJ677TzLLGU+0bjPO0LkuOLi4/5GtJWs/s=
golang.org/x/net v0.0.0-20210226172049-e18ecbb05110/go.mod h1:m0MpNAwzfU5UDzcl9v0D8zg8gWTRqZa9RBIspLL5mdg=
golang.org/x/net v0.0.0-20211112202133-69e39bad7dc2/go.mod h1:9nx3DQGgdP8bBQD5qxJ1jj9UTztislL4KSBs9R2vV5Y=
golang.org/x/net v0.0.0-20220722155237-a158d28d115b/go.mod h1:XRhObCWvk6IyKnWLug+ECip1KBveYUHfp+8e9klMJ9c=
golang.org/x/net v0.2.0/go.mod h1:KqCZLdyyvdV855qA2rE3GC2aiw5xGR5TEjj8smXukLY=
golang.org/x/net v0.5.0 h1:GyT4nK/YDHSqa1c4753ouYCDajOYKTja9Xb/OHtgvSw=
golang.org/x/net v0.5.0/go.mod h1:DivGGAXEgPSlEBzxGzZI+ZLohi+xUj054jfeKui00ws=
golang.org/x/sync v0.0.0-20190423024810-112230192c58/go.mod h1:RxMgew5VJxzue5/jJTE5uejpjVlOe/izrB70Jof72aM=
golang.org/x/sync v0.0.0-20220722155255-886fb9371eb4/go.mod h1:RxMgew5VJxzue5/jJTE5uejpjVlOe/izrB70Jof72aM=
golang.org/x/sys v0.0.0-20190215142949-d0b11bdaac8a/go.mod h1:STP8DvDyc/dI5b8T5hshtkjS+E42TnysNCUPdjciGhY=
golang.org/x/sys v0.0.0-20201119102817-f84b799fce68/go.mod h1:h1NjWce9XRLGQEsW7wpKNCjG9DtNlClVuFLEZdDNbEs=
golang.org/x/sys v0.0.0-20210423082822-04245dca01da/go.mod h1:h1NjWce9XRLGQEsW7wpKNCjG9DtNlClVuFLEZdDNbEs=
golang.org/x/sys v0.0.0-20210615035016-665e8c7367d1/go.mod h1:oPkhp1MJrh7nUepCBck5+mAzfO9JrbApNNgaTdGDITg=
golang.org/x/sys v0.0.0-20210630005230-0f9fa26af87c/go.mod h1:oPkhp1MJrh7nUepCBck5+mAzfO9JrbApNNgaTdGDITg=
golang.org/x/sys v0.0.0-20210806184541-e5e7981a1069/go.mod h1:oPkhp1MJrh7nUepCBck5+mAzfO9JrbApNNgaTdGDITg=
golang.org/x/sys v0.0.0-20210927094055-39ccf1dd6fa6/go.mod h1:oPkhp1MJrh7nUepCBck5+mAzfO9JrbApNNgaTdGDITg=
golang.org/x/sys v0.0.0-20220520151302-bc2c85ada10a/go.mod h1:oPkhp1MJrh7nUepCBck5+mAzfO9JrbApNNgaTdGDITg=
golang.org/x/sys v0.0.0-20220722155257-8c9f86f7a55f/go.mod h1:oPkhp1MJrh7nUepCBck5+mAzfO9JrbApNNgaTdGDITg=
golang.org/x/sys v0.0.0-20220811171246-fbc7d0a398ab/go.mod h1:oPkhp1MJrh7nUepCBck5+mAzfO9JrbApNNgaTdGDITg=
golang.org/x/sys v0.2.0/go.mod h1:oPkhp1MJrh7nUepCBck5+mAzfO9JrbApNNgaTdGDITg=
golang.org/x/sys v0.4.0 h1:Zr2JFtRQNX3BCZ8YtxRE9hNJYC8J6I1MVbMg6owUp18=
golang.org/x/sys v0.4.0/go.mod h1:oPkhp1MJrh7nUepCBck5+mAzfO9JrbApNNgaTdGDITg=
golang.org/x/term v0.0.0-20201126162022-7de9c90e9dd1/go.mod h1:bj7SfCRtBDWHUb9snDiAeCFNEtKQo2Wmx5Cou7ajbmo=
golang.org/x/term v0.0.0-20210927222741-03fcf44c2211/go.mod h1:jbD1KX2456YbFQfuXm/mYQcufACuNUgVhRMnK/tPxf8=
golang.org/x/term v0.2.0/go.mod h1:TVmDHMZPmdnySmBfhjOoOdhjzdE1h4u1VwSiw2l1Nuc=
golang.org/x/text v0.3.0/go.mod h1:NqM8EUOU14njkJ3fqMW+pc6Ldnwhi/IjpwHt7yyuwOQ=
golang.org/x/text v0.3.3/go.mod h1:5Zoc/QRtKVWzQhOtBMvqHzDpF6irO9z98xDceosuGiQ=
golang.org/x/text v0.3.6/go.mod h1:5Zoc/QRtKVWzQhOtBMvqHzDpF6irO9z98xDceosuGiQ=
golang.org/x/text v0.3.7/go.mod h1:u+2+/6zg+i71rQMx5EYifcz6MCKuco9NR6JIITiCfzQ=
golang.org/x/text v0.4.0/go.mod h1:mrYo+phRRbMaCq/xk9113O4dZlRixOauAjOtrjsXDZ8=
golang.org/x/text v0.6.0 h1:3XmdazWV+ubf7QgHSTWeykHOci5oeekaGJBLkrkaw4k=
golang.org/x/text v0.6.0/go.mod h1:mrYo+phRRbMaCq/xk9113O4dZlRixOauAjOtrjsXDZ8=
golang.org/x/tools v0.0.0-20180917221912-90fa682c2a6e/go.mod h1:n7NCudcB/nEzxVGmLbDWY5pfWTLqBcC2KZ6jyYvM4mQ=
golang.org/x/tools v0.0.0-20191119224855-298f0cb1881e/go.mod h1:b+2E5dAYhXwXZwtnZ6UAqBI28+e2cm9otk0dWdXHAEo=
golang.org/x/tools v0.1.12/go.mod h1:hNGJHUnrk76NpqgfD5Aqm5Crs+Hm0VOH/i9J2+nxYbc=
golang.org/x/tools v0.4.0 h1:7mTAgkunk3fr4GAloyyCasadO6h9zSsQZbwvcaIciV4=
golang.org/x/tools v0.4.0/go.mod h1:UE5sM2OK9E/d67R0ANs2xJizIymRP5gJU295PvKXxjQ=
golang.org/x/xerrors v0.0.0-20190717185122-a985d3407aa7/go.mod h1:I/5z698sn9Ka8TeJc9MKroUUfqBBauWjQqLJ2OPfmY0=
gopkg.in/check.v1 v0.0.0-20161208181325-20d25e280405/go.mod h1:Co6ibVJAznAaIkqp8huTwlJQCZ016jof/cbN4VW5Yz0=
gopkg.in/check.v1 v1.0.0-20180628173108-788fd7840127/go.mod h1:Co6ibVJAznAaIkqp8huTwlJQCZ016jof/cbN4VW5Yz0=
gopkg.in/check.v1 v1.0.0-20200227125254-8fa46927fb4f/go.mod h1:Co6ibVJAznAaIkqp8huTwlJQCZ016jof/cbN4VW5Yz0=
gopkg.in/check.v1 v1.0.0-20201130134442-10cb98267c6c h1:Hei/4ADfdWqJk1ZMxUNpqntNwaWcugrBjAiHlqqRiVk=
gopkg.in/check.v1 v1.0.0-20201130134442-10cb98267c6c/go.mod h1:JHkPIbrfpd72SG/EVd6muEfDQjcINNoR0C8j2r3qZ4Q=
gopkg.in/errgo.v2 v2.1.0/go.mod h1:hNsd1EY+bozCKY1Ytp96fpM3vjJbqLJn88ws8XvfDNI=
gopkg.in/yaml.v2 v2.2.2/go.mod h1:hI93XBmqTisBFMUTm0b8Fm+jr3Dg1NNxqwp+5A1VGuI=
gopkg.in/yaml.v2 v2.4.0 h1:D8xgwECY7CYvx+Y2n4sBz93Jn9JRvxdiyyo8CTfuKaY=
gopkg.in/yaml.v2 v2.4.0/go.mod h1:RDklbk79AGWmwhnvt/jBztapEOGDOx6ZbXqjP6csGnQ=
gopkg.in/yaml.v3 v3.0.0-20200313102051-9f266ea9e77c/go.mod h1:K4uyk7z7BCEPqu6E+C64Yfv1cQ7kz7rIZviUmN+EgEM=
gopkg.in/yaml.v3 v3.0.0-20200615113413-eeeca48fe776/go.mod h1:K4uyk7z7BCEPqu6E+C64Yfv1cQ7kz7rIZviUmN+EgEM=
gopkg.in/yaml.v3 v3.0.0-20210107192922-496545a6307b/go.mod h1:K4uyk7z7BCEPqu6E+C64Yfv1cQ7kz7rIZviUmN+EgEM=
gopkg.in/yaml.v3 v3.0.1 h1:fxVm/GzAzEWqLHuvctI91KS9hhNmmWOoWu0XTYJS7CA=
gopkg.in/yaml.v3 v3.0.1/go.mod h1:K4uyk7z7BCEPqu6E+C64Yfv1cQ7kz7rIZviUmN+EgEM=
